
Microsoft Visual Studio Solution File, Format Version 12.00
# Visual Studio Version 16
VisualStudioVersion = 16.0.31424.327
MinimumVisualStudioVersion = 10.0.40219.1
Project("{FAE04EC0-301F-11D3-BF4B-00C04F79EFBC}") = "Week2Day3", "Week2Day3\Week2Day3.csproj", "{17006ACF-E396-4327-A08A-4C0010B0AA94}"
EndProject
Project("{FAE04EC0-301F-11D3-BF4B-00C04F79EFBC}") = "Week2Day3.partita", "Week2Day3.partita\Week2Day3.partita.csproj", "{2D29FF53-90C1-4C5A-9B49-91A5D7E147B8}"
EndProject
Global
	GlobalSection(SolutionConfigurationPlatforms) = preSolution
		Debug|Any CPU = Debug|Any CPU
		Release|Any CPU = Release|Any CPU
	EndGlobalSection
	GlobalSection(ProjectConfigurationPlatforms) = postSolution
		{17006ACF-E396-4327-A08A-4C0010B0AA94}.Debug|Any CPU.ActiveCfg = Debug|Any CPU
		{17006ACF-E396-4327-A08A-4C0010B0AA94}.Debug|Any CPU.Build.0 = Debug|Any CPU
		{17006ACF-E396-4327-A08A-4C0010B0AA94}.Release|Any CPU.ActiveCfg = Release|Any CPU
		{17006ACF-E396-4327-A08A-4C0010B0AA94}.Release|Any CPU.Build.0 = Release|Any CPU
		{2D29FF53-90C1-4C5A-9B49-91A5D7E147B8}.Debug|Any CPU.ActiveCfg = Debug|Any CPU
		{2D29FF53-90C1-4C5A-9B49-91A5D7E147B8}.Debug|Any CPU.Build.0 = Debug|Any CPU
		{2D29FF53-90C1-4C5A-9B49-91A5D7E147B8}.Release|Any CPU.ActiveCfg = Release|Any CPU
		{2D29FF53-90C1-4C5A-9B49-91A5D7E147B8}.Release|Any CPU.Build.0 = Release|Any CPU
	EndGlobalSection
	GlobalSection(SolutionProperties) = preSolution
		HideSolutionNode = FALSE
	EndGlobalSection
	GlobalSection(ExtensibilityGlobals) = postSolution
		SolutionGuid = {B2E87A04-7072-4CFA-B4DB-CD5E9BA63E25}
	EndGlobalSection
EndGlobal
